
Microsoft Visual Studio Solution File, Format Version 12.00
# Visual Studio 15
VisualStudioVersion = 15.0.28307.421
MinimumVisualStudioVersion = 10.0.40219.1
Project("{FAE04EC0-301F-11D3-BF4B-00C04F79EFBC}") = "PriorityQueue", "PriorityQueue\PriorityQueue.csproj", "{111D7A32-545D-436D-8FE7-93EFCC90B075}"
EndProject
Global
	GlobalSection(SolutionConfigurationPlatforms) = preSolution
		Debug|Any CPU = Debug|Any CPU
		Release|Any CPU = Release|Any CPU
	EndGlobalSection
	GlobalSection(ProjectConfigurationPlatforms) = postSolution
		{111D7A32-545D-436D-8FE7-93EFCC90B075}.Debug|Any CPU.ActiveCfg = Debug|Any CPU
		{111D7A32-545D-436D-8FE7-93EFCC90B075}.Debug|Any CPU.Build.0 = Debug|Any CPU
		{111D7A32-545D-436D-8FE7-93EFCC90B075}.Release|Any CPU.ActiveCfg = Release|Any CPU
		{111D7A32-545D-436D-8FE7-93EFCC90B075}.Release|Any CPU.Build.0 = Release|Any CPU
	EndGlobalSection
	GlobalSection(SolutionProperties) = preSolution
		HideSolutionNode = FALSE
	EndGlobalSection
	GlobalSection(ExtensibilityGlobals) = postSolution
		SolutionGuid = {92B05478-BE46-4BA8-9205-C5B7CCE1C66D}
	EndGlobalSection
EndGlobal
